
Microsoft Visual Studio Solution File, Format Version 12.00
# Visual Studio Version 17
VisualStudioVersion = 17.14.36109.1 d17.14
MinimumVisualStudioVersion = 10.0.40219.1
Project("{FAE04EC0-301F-11D3-BF4B-00C04F79EFBC}") = "ObrazPlus", "ObrazPlus.csproj", "{6F7CFFBA-4DE0-4362-B5FB-BB3342DF96CD}"
EndProject
Global
	GlobalSection(SolutionConfigurationPlatforms) = preSolution
		Debug|Any CPU = Debug|Any CPU
		Release|Any CPU = Release|Any CPU
	EndGlobalSection
	GlobalSection(ProjectConfigurationPlatforms) = postSolution
		{6F7CFFBA-4DE0-4362-B5FB-BB3342DF96CD}.Debug|Any CPU.ActiveCfg = Debug|Any CPU
		{6F7CFFBA-4DE0-4362-B5FB-BB3342DF96CD}.Debug|Any CPU.Build.0 = Debug|Any CPU
		{6F7CFFBA-4DE0-4362-B5FB-BB3342DF96CD}.Release|Any CPU.ActiveCfg = Release|Any CPU
		{6F7CFFBA-4DE0-4362-B5FB-BB3342DF96CD}.Release|Any CPU.Build.0 = Release|Any CPU
	EndGlobalSection
	GlobalSection(SolutionProperties) = preSolution
		HideSolutionNode = FALSE
	EndGlobalSection
	GlobalSection(ExtensibilityGlobals) = postSolution
		SolutionGuid = {6C7AF4CB-EDB7-4B01-A45F-F46876A8932C}
	EndGlobalSection
EndGlobal
